
Microsoft Visual Studio Solution File, Format Version 12.00
# Visual Studio 2013
VisualStudioVersion = 12.0.31101.0
MinimumVisualStudioVersion = 10.0.40219.1
Project("{FAE04EC0-301F-11D3-BF4B-00C04F79EFBC}") = "Chsword.XamarinAndroid.OnlineUpdate", "Chsword.XamarinAndroid.OnlineUpdate.csproj", "{A91EE6EC-A5DB-4791-B811-9C5F394108CC}"
EndProject
Project("{2150E333-8FDC-42A3-9474-1A3956D46DE8}") = "Items", "Items", "{38A31B34-CEA6-4A8E-8F3C-409C0A9CE140}"
	ProjectSection(SolutionItems) = preProject
		..\Chsword.XamarinAndroid.OnlineUpdate.nuspec = ..\Chsword.XamarinAndroid.OnlineUpdate.nuspec
		..\README.md = ..\README.md
	EndProjectSection
EndProject
Global
	GlobalSection(SolutionConfigurationPlatforms) = preSolution
		Debug|Any CPU = Debug|Any CPU
		Release|Any CPU = Release|Any CPU
	EndGlobalSection
	GlobalSection(ProjectConfigurationPlatforms) = postSolution
		{A91EE6EC-A5DB-4791-B811-9C5F394108CC}.Debug|Any CPU.ActiveCfg = Debug|Any CPU
		{A91EE6EC-A5DB-4791-B811-9C5F394108CC}.Debug|Any CPU.Build.0 = Debug|Any CPU
		{A91EE6EC-A5DB-4791-B811-9C5F394108CC}.Release|Any CPU.ActiveCfg = Release|Any CPU
		{A91EE6EC-A5DB-4791-B811-9C5F394108CC}.Release|Any CPU.Build.0 = Release|Any CPU
	EndGlobalSection
	GlobalSection(SolutionProperties) = preSolution
		HideSolutionNode = FALSE
	EndGlobalSection
EndGlobal
